<Solution>
  <Folder Name="/src/">
    <Project Path="src/Kanal.Audio/Kanal.Audio.csproj" />
    <Project Path="src/Kanal.Core/Kanal.Core.csproj" />
    <Project Path="src/Kanal.Host/Kanal.Host.csproj" />
    <Project Path="src/Kanal.Providers.Gladia/Kanal.Providers.Gladia.csproj" />
    <Project Path="src/Kanal.Providers.LocalMt/Kanal.Providers.LocalMt.csproj" />
  </Folder>
  <Folder Name="/tests/">
    <Project Path="tests/Kanal.Core.UnitTests/Kanal.Core.UnitTests.csproj" />
    <Project Path="tests/Kanal.UI.UnitTests/Kanal.UI.UnitTests.csproj" />
  </Folder>
  <Folder Name="/tools/">
    <Project Path="tools/Kanal.Doctor/Kanal.Doctor.csproj" />
  </Folder>
  <Folder Name="/installers/">
    <Project Path="installers/Kanal.Installers.csproj" />
  </Folder>
</Solution>
